
Microsoft Visual Studio Solution File, Format Version 12.00
# Visual Studio Version 16
VisualStudioVersion = 16.0.30907.101
MinimumVisualStudioVersion = 10.0.40219.1
Project("{FAE04EC0-301F-11D3-BF4B-00C04F79EFBC}") = "Test", "Test\Test.csproj", "{1A5F1FF3-C7C2-4C46-95E7-E581C836DC9F}"
EndProject
Global
	GlobalSection(SolutionConfigurationPlatforms) = preSolution
		Debug|Any CPU = Debug|Any CPU
		Release|Any CPU = Release|Any CPU
	EndGlobalSection
	GlobalSection(ProjectConfigurationPlatforms) = postSolution
		{1A5F1FF3-C7C2-4C46-95E7-E581C836DC9F}.Debug|Any CPU.ActiveCfg = Debug|Any CPU
		{1A5F1FF3-C7C2-4C46-95E7-E581C836DC9F}.Debug|Any CPU.Build.0 = Debug|Any CPU
		{1A5F1FF3-C7C2-4C46-95E7-E581C836DC9F}.Release|Any CPU.ActiveCfg = Release|Any CPU
		{1A5F1FF3-C7C2-4C46-95E7-E581C836DC9F}.Release|Any CPU.Build.0 = Release|Any CPU
	EndGlobalSection
	GlobalSection(SolutionProperties) = preSolution
		HideSolutionNode = FALSE
	EndGlobalSection
	GlobalSection(ExtensibilityGlobals) = postSolution
		SolutionGuid = {5635438F-CE87-494E-8DC3-0A23DA33D05E}
	EndGlobalSection
EndGlobal
