
Microsoft Visual Studio Solution File, Format Version 12.00
# Visual Studio Version 16
VisualStudioVersion = 16.0.30907.101
MinimumVisualStudioVersion = 10.0.40219.1
Project("{FAE04EC0-301F-11D3-BF4B-00C04F79EFBC}") = "DemoProject", "DemoProject\DemoProject.csproj", "{8C775ECB-4719-4C6C-840B-89CC341CE9F9}"
EndProject
Global
	GlobalSection(SolutionConfigurationPlatforms) = preSolution
		Debug|Any CPU = Debug|Any CPU
		Release|Any CPU = Release|Any CPU
	EndGlobalSection
	GlobalSection(ProjectConfigurationPlatforms) = postSolution
		{8C775ECB-4719-4C6C-840B-89CC341CE9F9}.Debug|Any CPU.ActiveCfg = Debug|Any CPU
		{8C775ECB-4719-4C6C-840B-89CC341CE9F9}.Debug|Any CPU.Build.0 = Debug|Any CPU
		{8C775ECB-4719-4C6C-840B-89CC341CE9F9}.Release|Any CPU.ActiveCfg = Release|Any CPU
		{8C775ECB-4719-4C6C-840B-89CC341CE9F9}.Release|Any CPU.Build.0 = Release|Any CPU
	EndGlobalSection
	GlobalSection(SolutionProperties) = preSolution
		HideSolutionNode = FALSE
	EndGlobalSection
	GlobalSection(ExtensibilityGlobals) = postSolution
		SolutionGuid = {98AA8E42-8DD9-477C-8E66-FC7293C29E9C}
	EndGlobalSection
EndGlobal
