
Microsoft Visual Studio Solution File, Format Version 12.00
# Visual Studio Version 16
VisualStudioVersion = 16.0.30907.101
MinimumVisualStudioVersion = 10.0.40219.1
Project("{FAE04EC0-301F-11D3-BF4B-00C04F79EFBC}") = "DB-Relations-Examples", "DB-Relations-Examples\DB-Relations-Examples.csproj", "{14BA869E-3E18-4BA2-BEB0-69C4CA0636AB}"
EndProject
Global
	GlobalSection(SolutionConfigurationPlatforms) = preSolution
		Debug|Any CPU = Debug|Any CPU
		Release|Any CPU = Release|Any CPU
	EndGlobalSection
	GlobalSection(ProjectConfigurationPlatforms) = postSolution
		{14BA869E-3E18-4BA2-BEB0-69C4CA0636AB}.Debug|Any CPU.ActiveCfg = Debug|Any CPU
		{14BA869E-3E18-4BA2-BEB0-69C4CA0636AB}.Debug|Any CPU.Build.0 = Debug|Any CPU
		{14BA869E-3E18-4BA2-BEB0-69C4CA0636AB}.Release|Any CPU.ActiveCfg = Release|Any CPU
		{14BA869E-3E18-4BA2-BEB0-69C4CA0636AB}.Release|Any CPU.Build.0 = Release|Any CPU
	EndGlobalSection
	GlobalSection(SolutionProperties) = preSolution
		HideSolutionNode = FALSE
	EndGlobalSection
	GlobalSection(ExtensibilityGlobals) = postSolution
		SolutionGuid = {2DC16333-CA63-4396-97F1-EFCF34B34E69}
	EndGlobalSection
EndGlobal
